
Microsoft Visual Studio Solution File, Format Version 12.00
# Visual Studio 2012
Project("{FAE04EC0-301F-11D3-BF4B-00C04F79EFBC}") = "FireTower.Domain", "FireTower.Domain\FireTower.Domain.csproj", "{78E97BC9-A576-40C2-B018-59D22BF07E95}"
EndProject
Project("{FAE04EC0-301F-11D3-BF4B-00C04F79EFBC}") = "FireTower.Data", "FireTower.Data\FireTower.Data.csproj", "{698053C5-6C9A-42D9-A2CE-749C41CFAC9B}"
EndProject
Project("{FAE04EC0-301F-11D3-BF4B-00C04F79EFBC}") = "FireTower.Domain.Specs", "FireTower.Domain.Specs\FireTower.Domain.Specs.csproj", "{E90C052D-162F-42CB-843D-9AFF1CDEDE26}"
EndProject
Project("{FAE04EC0-301F-11D3-BF4B-00C04F79EFBC}") = "DatabaseDeploymentTool", "DatabaseDeploymentTool\DatabaseDeploymentTool.csproj", "{512EBF54-9F9A-47B1-9AD1-2D6A122FF050}"
EndProject
Project("{FAE04EC0-301F-11D3-BF4B-00C04F79EFBC}") = "FireTower.Presentation", "FireTower.Presentation\FireTower.Presentation.csproj", "{33AF3C88-E4F7-4AE8-8A98-C7C497653367}"
EndProject
Project("{FAE04EC0-301F-11D3-BF4B-00C04F79EFBC}") = "FireTower.Api.Specs", "FireTower.Api.Specs\FireTower.Api.Specs.csproj", "{17EF2277-0328-4A44-80CF-28C6532800BD}"
EndProject
Project("{FAE04EC0-301F-11D3-BF4B-00C04F79EFBC}") = "FireTower.API.AAT", "FireTower.API.AAT\FireTower.API.AAT.csproj", "{71480CDE-BE4F-4BB8-9628-268BCE4A5BF8}"
EndProject
Project("{FAE04EC0-301F-11D3-BF4B-00C04F79EFBC}") = "FireTower.Infrastructure", "FireTower.Infrastructure\FireTower.Infrastructure.csproj", "{D54A374F-8D25-4FA7-A0E9-D8DBB69DC1D0}"
EndProject
Project("{FAE04EC0-301F-11D3-BF4B-00C04F79EFBC}") = "AcklenAvenue.Testing.Nancy", "AcklenAvenue.Testing.Nancy\AcklenAvenue.Testing.Nancy.csproj", "{F45C7D9B-B68E-4135-8CDA-C934AACB7E0F}"
EndProject
Project("{FAE04EC0-301F-11D3-BF4B-00C04F79EFBC}") = "AcklenAvenue.Testing.AAT", "AcklenAvenue.Testing.AAT\AcklenAvenue.Testing.AAT.csproj", "{81550088-9BF6-469F-9229-6881B60E3A64}"
EndProject
Project("{FAE04EC0-301F-11D3-BF4B-00C04F79EFBC}") = "FireTower.IronMq", "FireTower.Api.IronMq\FireTower.IronMq.csproj", "{443846BD-6DF4-4421-A62D-CD66DDA04F7B}"
EndProject
Project("{FAE04EC0-301F-11D3-BF4B-00C04F79EFBC}") = "FireTower.IronMq.Specs.Integration", "FireTower.Api.IronMq.Specs.Integration\FireTower.IronMq.Specs.Integration.csproj", "{A46B6440-ADC0-4E34-A4A7-100E54B265B2}"
EndProject
Project("{FAE04EC0-301F-11D3-BF4B-00C04F79EFBC}") = "FireTower.Mailgun", "FireTower.Mailgun\FireTower.Mailgun.csproj", "{490DD21F-A2EA-4C01-8A13-458428499EDE}"
EndProject
Project("{FAE04EC0-301F-11D3-BF4B-00C04F79EFBC}") = "FireTower.Mailgun.Specs", "FireTower.Mailgun.Specs\FireTower.Mailgun.Specs.csproj", "{21C97F37-44E8-4C3D-A106-DEA45484CA77}"
EndProject
Project("{2150E333-8FDC-42A3-9474-1A3956D46DE8}") = ".nuget", ".nuget", "{225D7153-B455-48DC-B0AD-EF4762CCAC1F}"
	ProjectSection(SolutionItems) = preProject
		.nuget\NuGet.Config = .nuget\NuGet.Config
		.nuget\NuGet.exe = .nuget\NuGet.exe
		.nuget\NuGet.targets = .nuget\NuGet.targets
	EndProjectSection
EndProject
Project("{FAE04EC0-301F-11D3-BF4B-00C04F79EFBC}") = "FireTower.ViewStore", "FireTower.ViewStore\FireTower.ViewStore.csproj", "{04D4EAD0-0AD7-4A67-998A-EDE597B8F877}"
EndProject
Project("{FAE04EC0-301F-11D3-BF4B-00C04F79EFBC}") = "FireTower.ViewStore.Specs", "FireTower.ViewStore.Specs\FireTower.ViewStore.Specs.csproj", "{384819FA-9EC1-4CE5-B717-FAF9E1E50259}"
EndProject
Project("{FAE04EC0-301F-11D3-BF4B-00C04F79EFBC}") = "FireTower.S3", "FireTower.S3\FireTower.S3.csproj", "{0E3CFBA9-09DC-4715-9AB8-63E64E56C63F}"
EndProject
Project("{FAE04EC0-301F-11D3-BF4B-00C04F79EFBC}") = "FireTower.PubNub", "FireTower.PubNub\FireTower.PubNub.csproj", "{50E9378B-3898-4AD9-9063-1F557C0EBAD8}"
EndProject
Global
	GlobalSection(SolutionConfigurationPlatforms) = preSolution
		Debug|Any CPU = Debug|Any CPU
		Debug|Mixed Platforms = Debug|Mixed Platforms
		Debug|x86 = Debug|x86
		MbwTest|Any CPU = MbwTest|Any CPU
		MbwTest|Mixed Platforms = MbwTest|Mixed Platforms
		MbwTest|x86 = MbwTest|x86
		QA|Any CPU = QA|Any CPU
		QA|Mixed Platforms = QA|Mixed Platforms
		QA|x86 = QA|x86
		Release|Any CPU = Release|Any CPU
		Release|Mixed Platforms = Release|Mixed Platforms
		Release|x86 = Release|x86
	EndGlobalSection
	GlobalSection(ProjectConfigurationPlatforms) = postSolution
		{78E97BC9-A576-40C2-B018-59D22BF07E95}.Debug|Any CPU.ActiveCfg = Debug|Any CPU
		{78E97BC9-A576-40C2-B018-59D22BF07E95}.Debug|Any CPU.Build.0 = Debug|Any CPU
		{78E97BC9-A576-40C2-B018-59D22BF07E95}.Debug|Mixed Platforms.ActiveCfg = Debug|Any CPU
		{78E97BC9-A576-40C2-B018-59D22BF07E95}.Debug|Mixed Platforms.Build.0 = Debug|Any CPU
		{78E97BC9-A576-40C2-B018-59D22BF07E95}.Debug|x86.ActiveCfg = Debug|Any CPU
		{78E97BC9-A576-40C2-B018-59D22BF07E95}.MbwTest|Any CPU.ActiveCfg = Release|Any CPU
		{78E97BC9-A576-40C2-B018-59D22BF07E95}.MbwTest|Any CPU.Build.0 = Release|Any CPU
		{78E97BC9-A576-40C2-B018-59D22BF07E95}.MbwTest|Mixed Platforms.ActiveCfg = Release|Any CPU
		{78E97BC9-A576-40C2-B018-59D22BF07E95}.MbwTest|Mixed Platforms.Build.0 = Release|Any CPU
		{78E97BC9-A576-40C2-B018-59D22BF07E95}.MbwTest|x86.ActiveCfg = Release|Any CPU
		{78E97BC9-A576-40C2-B018-59D22BF07E95}.QA|Any CPU.ActiveCfg = QA|Any CPU
		{78E97BC9-A576-40C2-B018-59D22BF07E95}.QA|Any CPU.Build.0 = QA|Any CPU
		{78E97BC9-A576-40C2-B018-59D22BF07E95}.QA|Mixed Platforms.ActiveCfg = QA|Any CPU
		{78E97BC9-A576-40C2-B018-59D22BF07E95}.QA|Mixed Platforms.Build.0 = QA|Any CPU
		{78E97BC9-A576-40C2-B018-59D22BF07E95}.QA|x86.ActiveCfg = QA|Any CPU
		{78E97BC9-A576-40C2-B018-59D22BF07E95}.Release|Any CPU.ActiveCfg = Release|Any CPU
		{78E97BC9-A576-40C2-B018-59D22BF07E95}.Release|Any CPU.Build.0 = Release|Any CPU
		{78E97BC9-A576-40C2-B018-59D22BF07E95}.Release|Mixed Platforms.ActiveCfg = Release|Any CPU
		{78E97BC9-A576-40C2-B018-59D22BF07E95}.Release|Mixed Platforms.Build.0 = Release|Any CPU
		{78E97BC9-A576-40C2-B018-59D22BF07E95}.Release|x86.ActiveCfg = Release|Any CPU
		{698053C5-6C9A-42D9-A2CE-749C41CFAC9B}.Debug|Any CPU.ActiveCfg = Debug|Any CPU
		{698053C5-6C9A-42D9-A2CE-749C41CFAC9B}.Debug|Any CPU.Build.0 = Debug|Any CPU
		{698053C5-6C9A-42D9-A2CE-749C41CFAC9B}.Debug|Mixed Platforms.ActiveCfg = Debug|Any CPU
		{698053C5-6C9A-42D9-A2CE-749C41CFAC9B}.Debug|Mixed Platforms.Build.0 = Debug|Any CPU
		{698053C5-6C9A-42D9-A2CE-749C41CFAC9B}.Debug|x86.ActiveCfg = Debug|Any CPU
		{698053C5-6C9A-42D9-A2CE-749C41CFAC9B}.MbwTest|Any CPU.ActiveCfg = Release|Any CPU
		{698053C5-6C9A-42D9-A2CE-749C41CFAC9B}.MbwTest|Any CPU.Build.0 = Release|Any CPU
		{698053C5-6C9A-42D9-A2CE-749C41CFAC9B}.MbwTest|Mixed Platforms.ActiveCfg = Release|Any CPU
		{698053C5-6C9A-42D9-A2CE-749C41CFAC9B}.MbwTest|Mixed Platforms.Build.0 = Release|Any CPU
		{698053C5-6C9A-42D9-A2CE-749C41CFAC9B}.MbwTest|x86.ActiveCfg = Release|Any CPU
		{698053C5-6C9A-42D9-A2CE-749C41CFAC9B}.QA|Any CPU.ActiveCfg = QA|Any CPU
		{698053C5-6C9A-42D9-A2CE-749C41CFAC9B}.QA|Any CPU.Build.0 = QA|Any CPU
		{698053C5-6C9A-42D9-A2CE-749C41CFAC9B}.QA|Mixed Platforms.ActiveCfg = QA|Any CPU
		{698053C5-6C9A-42D9-A2CE-749C41CFAC9B}.QA|Mixed Platforms.Build.0 = QA|Any CPU
		{698053C5-6C9A-42D9-A2CE-749C41CFAC9B}.QA|x86.ActiveCfg = QA|Any CPU
		{698053C5-6C9A-42D9-A2CE-749C41CFAC9B}.Release|Any CPU.ActiveCfg = Release|Any CPU
		{698053C5-6C9A-42D9-A2CE-749C41CFAC9B}.Release|Any CPU.Build.0 = Release|Any CPU
		{698053C5-6C9A-42D9-A2CE-749C41CFAC9B}.Release|Mixed Platforms.ActiveCfg = Release|Any CPU
		{698053C5-6C9A-42D9-A2CE-749C41CFAC9B}.Release|Mixed Platforms.Build.0 = Release|Any CPU
		{698053C5-6C9A-42D9-A2CE-749C41CFAC9B}.Release|x86.ActiveCfg = Release|Any CPU
		{E90C052D-162F-42CB-843D-9AFF1CDEDE26}.Debug|Any CPU.ActiveCfg = Debug|Any CPU
		{E90C052D-162F-42CB-843D-9AFF1CDEDE26}.Debug|Any CPU.Build.0 = Debug|Any CPU
		{E90C052D-162F-42CB-843D-9AFF1CDEDE26}.Debug|Mixed Platforms.ActiveCfg = Debug|Any CPU
		{E90C052D-162F-42CB-843D-9AFF1CDEDE26}.Debug|Mixed Platforms.Build.0 = Debug|Any CPU
		{E90C052D-162F-42CB-843D-9AFF1CDEDE26}.Debug|x86.ActiveCfg = Debug|Any CPU
		{E90C052D-162F-42CB-843D-9AFF1CDEDE26}.MbwTest|Any CPU.ActiveCfg = Release|Any CPU
		{E90C052D-162F-42CB-843D-9AFF1CDEDE26}.MbwTest|Any CPU.Build.0 = Release|Any CPU
		{E90C052D-162F-42CB-843D-9AFF1CDEDE26}.MbwTest|Mixed Platforms.ActiveCfg = Release|Any CPU
		{E90C052D-162F-42CB-843D-9AFF1CDEDE26}.MbwTest|Mixed Platforms.Build.0 = Release|Any CPU
		{E90C052D-162F-42CB-843D-9AFF1CDEDE26}.MbwTest|x86.ActiveCfg = Release|Any CPU
		{E90C052D-162F-42CB-843D-9AFF1CDEDE26}.QA|Any CPU.ActiveCfg = QA|Any CPU
		{E90C052D-162F-42CB-843D-9AFF1CDEDE26}.QA|Any CPU.Build.0 = QA|Any CPU
		{E90C052D-162F-42CB-843D-9AFF1CDEDE26}.QA|Mixed Platforms.ActiveCfg = QA|Any CPU
		{E90C052D-162F-42CB-843D-9AFF1CDEDE26}.QA|Mixed Platforms.Build.0 = QA|Any CPU
		{E90C052D-162F-42CB-843D-9AFF1CDEDE26}.QA|x86.ActiveCfg = QA|Any CPU
		{E90C052D-162F-42CB-843D-9AFF1CDEDE26}.Release|Any CPU.ActiveCfg = Release|Any CPU
		{E90C052D-162F-42CB-843D-9AFF1CDEDE26}.Release|Any CPU.Build.0 = Release|Any CPU
		{E90C052D-162F-42CB-843D-9AFF1CDEDE26}.Release|Mixed Platforms.ActiveCfg = Release|Any CPU
		{E90C052D-162F-42CB-843D-9AFF1CDEDE26}.Release|Mixed Platforms.Build.0 = Release|Any CPU
		{E90C052D-162F-42CB-843D-9AFF1CDEDE26}.Release|x86.ActiveCfg = Release|Any CPU
		{512EBF54-9F9A-47B1-9AD1-2D6A122FF050}.Debug|Any CPU.ActiveCfg = Debug|x86
		{512EBF54-9F9A-47B1-9AD1-2D6A122FF050}.Debug|Mixed Platforms.ActiveCfg = Debug|x86
		{512EBF54-9F9A-47B1-9AD1-2D6A122FF050}.Debug|Mixed Platforms.Build.0 = Debug|x86
		{512EBF54-9F9A-47B1-9AD1-2D6A122FF050}.Debug|x86.ActiveCfg = Debug|x86
		{512EBF54-9F9A-47B1-9AD1-2D6A122FF050}.Debug|x86.Build.0 = Debug|x86
		{512EBF54-9F9A-47B1-9AD1-2D6A122FF050}.MbwTest|Any CPU.ActiveCfg = MbwTest|x86
		{512EBF54-9F9A-47B1-9AD1-2D6A122FF050}.MbwTest|Mixed Platforms.ActiveCfg = MbwTest|x86
		{512EBF54-9F9A-47B1-9AD1-2D6A122FF050}.MbwTest|Mixed Platforms.Build.0 = MbwTest|x86
		{512EBF54-9F9A-47B1-9AD1-2D6A122FF050}.MbwTest|x86.ActiveCfg = MbwTest|x86
		{512EBF54-9F9A-47B1-9AD1-2D6A122FF050}.MbwTest|x86.Build.0 = MbwTest|x86
		{512EBF54-9F9A-47B1-9AD1-2D6A122FF050}.QA|Any CPU.ActiveCfg = QA|x86
		{512EBF54-9F9A-47B1-9AD1-2D6A122FF050}.QA|Mixed Platforms.ActiveCfg = QA|x86
		{512EBF54-9F9A-47B1-9AD1-2D6A122FF050}.QA|Mixed Platforms.Build.0 = QA|x86
		{512EBF54-9F9A-47B1-9AD1-2D6A122FF050}.QA|x86.ActiveCfg = QA|x86
		{512EBF54-9F9A-47B1-9AD1-2D6A122FF050}.QA|x86.Build.0 = QA|x86
		{512EBF54-9F9A-47B1-9AD1-2D6A122FF050}.Release|Any CPU.ActiveCfg = Release|x86
		{512EBF54-9F9A-47B1-9AD1-2D6A122FF050}.Release|Mixed Platforms.ActiveCfg = Release|x86
		{512EBF54-9F9A-47B1-9AD1-2D6A122FF050}.Release|Mixed Platforms.Build.0 = Release|x86
		{512EBF54-9F9A-47B1-9AD1-2D6A122FF050}.Release|x86.ActiveCfg = Release|x86
		{512EBF54-9F9A-47B1-9AD1-2D6A122FF050}.Release|x86.Build.0 = Release|x86
		{33AF3C88-E4F7-4AE8-8A98-C7C497653367}.Debug|Any CPU.ActiveCfg = Debug|Any CPU
		{33AF3C88-E4F7-4AE8-8A98-C7C497653367}.Debug|Any CPU.Build.0 = Debug|Any CPU
		{33AF3C88-E4F7-4AE8-8A98-C7C497653367}.Debug|Mixed Platforms.ActiveCfg = Debug|Any CPU
		{33AF3C88-E4F7-4AE8-8A98-C7C497653367}.Debug|Mixed Platforms.Build.0 = Debug|Any CPU
		{33AF3C88-E4F7-4AE8-8A98-C7C497653367}.Debug|x86.ActiveCfg = Debug|Any CPU
		{33AF3C88-E4F7-4AE8-8A98-C7C497653367}.MbwTest|Any CPU.ActiveCfg = Release|Any CPU
		{33AF3C88-E4F7-4AE8-8A98-C7C497653367}.MbwTest|Any CPU.Build.0 = Release|Any CPU
		{33AF3C88-E4F7-4AE8-8A98-C7C497653367}.MbwTest|Mixed Platforms.ActiveCfg = Release|Any CPU
		{33AF3C88-E4F7-4AE8-8A98-C7C497653367}.MbwTest|Mixed Platforms.Build.0 = Release|Any CPU
		{33AF3C88-E4F7-4AE8-8A98-C7C497653367}.MbwTest|x86.ActiveCfg = Release|Any CPU
		{33AF3C88-E4F7-4AE8-8A98-C7C497653367}.QA|Any CPU.ActiveCfg = QA|Any CPU
		{33AF3C88-E4F7-4AE8-8A98-C7C497653367}.QA|Any CPU.Build.0 = QA|Any CPU
		{33AF3C88-E4F7-4AE8-8A98-C7C497653367}.QA|Mixed Platforms.ActiveCfg = QA|Any CPU
		{33AF3C88-E4F7-4AE8-8A98-C7C497653367}.QA|Mixed Platforms.Build.0 = QA|Any CPU
		{33AF3C88-E4F7-4AE8-8A98-C7C497653367}.QA|x86.ActiveCfg = QA|Any CPU
		{33AF3C88-E4F7-4AE8-8A98-C7C497653367}.Release|Any CPU.ActiveCfg = Release|Any CPU
		{33AF3C88-E4F7-4AE8-8A98-C7C497653367}.Release|Any CPU.Build.0 = Release|Any CPU
		{33AF3C88-E4F7-4AE8-8A98-C7C497653367}.Release|Mixed Platforms.ActiveCfg = Release|Any CPU
		{33AF3C88-E4F7-4AE8-8A98-C7C497653367}.Release|Mixed Platforms.Build.0 = Release|Any CPU
		{33AF3C88-E4F7-4AE8-8A98-C7C497653367}.Release|x86.ActiveCfg = Release|Any CPU
		{17EF2277-0328-4A44-80CF-28C6532800BD}.Debug|Any CPU.ActiveCfg = Debug|Any CPU
		{17EF2277-0328-4A44-80CF-28C6532800BD}.Debug|Any CPU.Build.0 = Debug|Any CPU
		{17EF2277-0328-4A44-80CF-28C6532800BD}.Debug|Mixed Platforms.ActiveCfg = Debug|Any CPU
		{17EF2277-0328-4A44-80CF-28C6532800BD}.Debug|Mixed Platforms.Build.0 = Debug|Any CPU
		{17EF2277-0328-4A44-80CF-28C6532800BD}.Debug|x86.ActiveCfg = Debug|Any CPU
		{17EF2277-0328-4A44-80CF-28C6532800BD}.MbwTest|Any CPU.ActiveCfg = Release|Any CPU
		{17EF2277-0328-4A44-80CF-28C6532800BD}.MbwTest|Any CPU.Build.0 = Release|Any CPU
		{17EF2277-0328-4A44-80CF-28C6532800BD}.MbwTest|Mixed Platforms.ActiveCfg = Release|Any CPU
		{17EF2277-0328-4A44-80CF-28C6532800BD}.MbwTest|Mixed Platforms.Build.0 = Release|Any CPU
		{17EF2277-0328-4A44-80CF-28C6532800BD}.MbwTest|x86.ActiveCfg = Release|Any CPU
		{17EF2277-0328-4A44-80CF-28C6532800BD}.QA|Any CPU.ActiveCfg = QA|Any CPU
		{17EF2277-0328-4A44-80CF-28C6532800BD}.QA|Any CPU.Build.0 = QA|Any CPU
		{17EF2277-0328-4A44-80CF-28C6532800BD}.QA|Mixed Platforms.ActiveCfg = QA|Any CPU
		{17EF2277-0328-4A44-80CF-28C6532800BD}.QA|Mixed Platforms.Build.0 = QA|Any CPU
		{17EF2277-0328-4A44-80CF-28C6532800BD}.QA|x86.ActiveCfg = QA|Any CPU
		{17EF2277-0328-4A44-80CF-28C6532800BD}.Release|Any CPU.ActiveCfg = Release|Any CPU
		{17EF2277-0328-4A44-80CF-28C6532800BD}.Release|Any CPU.Build.0 = Release|Any CPU
		{17EF2277-0328-4A44-80CF-28C6532800BD}.Release|Mixed Platforms.ActiveCfg = Release|Any CPU
		{17EF2277-0328-4A44-80CF-28C6532800BD}.Release|Mixed Platforms.Build.0 = Release|Any CPU
		{17EF2277-0328-4A44-80CF-28C6532800BD}.Release|x86.ActiveCfg = Release|Any CPU
		{71480CDE-BE4F-4BB8-9628-268BCE4A5BF8}.Debug|Any CPU.ActiveCfg = Debug|Any CPU
		{71480CDE-BE4F-4BB8-9628-268BCE4A5BF8}.Debug|Any CPU.Build.0 = Debug|Any CPU
		{71480CDE-BE4F-4BB8-9628-268BCE4A5BF8}.Debug|Mixed Platforms.ActiveCfg = Debug|Any CPU
		{71480CDE-BE4F-4BB8-9628-268BCE4A5BF8}.Debug|Mixed Platforms.Build.0 = Debug|Any CPU
		{71480CDE-BE4F-4BB8-9628-268BCE4A5BF8}.Debug|x86.ActiveCfg = Debug|Any CPU
		{71480CDE-BE4F-4BB8-9628-268BCE4A5BF8}.MbwTest|Any CPU.ActiveCfg = Release|Any CPU
		{71480CDE-BE4F-4BB8-9628-268BCE4A5BF8}.MbwTest|Any CPU.Build.0 = Release|Any CPU
		{71480CDE-BE4F-4BB8-9628-268BCE4A5BF8}.MbwTest|Mixed Platforms.ActiveCfg = Release|Any CPU
		{71480CDE-BE4F-4BB8-9628-268BCE4A5BF8}.MbwTest|Mixed Platforms.Build.0 = Release|Any CPU
		{71480CDE-BE4F-4BB8-9628-268BCE4A5BF8}.MbwTest|x86.ActiveCfg = Release|Any CPU
		{71480CDE-BE4F-4BB8-9628-268BCE4A5BF8}.QA|Any CPU.ActiveCfg = QA|Any CPU
		{71480CDE-BE4F-4BB8-9628-268BCE4A5BF8}.QA|Any CPU.Build.0 = QA|Any CPU
		{71480CDE-BE4F-4BB8-9628-268BCE4A5BF8}.QA|Mixed Platforms.ActiveCfg = QA|Any CPU
		{71480CDE-BE4F-4BB8-9628-268BCE4A5BF8}.QA|Mixed Platforms.Build.0 = QA|Any CPU
		{71480CDE-BE4F-4BB8-9628-268BCE4A5BF8}.QA|x86.ActiveCfg = QA|Any CPU
		{71480CDE-BE4F-4BB8-9628-268BCE4A5BF8}.Release|Any CPU.ActiveCfg = Release|Any CPU
		{71480CDE-BE4F-4BB8-9628-268BCE4A5BF8}.Release|Any CPU.Build.0 = Release|Any CPU
		{71480CDE-BE4F-4BB8-9628-268BCE4A5BF8}.Release|Mixed Platforms.ActiveCfg = Release|Any CPU
		{71480CDE-BE4F-4BB8-9628-268BCE4A5BF8}.Release|Mixed Platforms.Build.0 = Release|Any CPU
		{71480CDE-BE4F-4BB8-9628-268BCE4A5BF8}.Release|x86.ActiveCfg = Release|Any CPU
		{D54A374F-8D25-4FA7-A0E9-D8DBB69DC1D0}.Debug|Any CPU.ActiveCfg = Debug|Any CPU
		{D54A374F-8D25-4FA7-A0E9-D8DBB69DC1D0}.Debug|Any CPU.Build.0 = Debug|Any CPU
		{D54A374F-8D25-4FA7-A0E9-D8DBB69DC1D0}.Debug|Mixed Platforms.ActiveCfg = Debug|Any CPU
		{D54A374F-8D25-4FA7-A0E9-D8DBB69DC1D0}.Debug|Mixed Platforms.Build.0 = Debug|Any CPU
		{D54A374F-8D25-4FA7-A0E9-D8DBB69DC1D0}.Debug|x86.ActiveCfg = Debug|Any CPU
		{D54A374F-8D25-4FA7-A0E9-D8DBB69DC1D0}.MbwTest|Any CPU.ActiveCfg = Release|Any CPU
		{D54A374F-8D25-4FA7-A0E9-D8DBB69DC1D0}.MbwTest|Any CPU.Build.0 = Release|Any CPU
		{D54A374F-8D25-4FA7-A0E9-D8DBB69DC1D0}.MbwTest|Mixed Platforms.ActiveCfg = Release|Any CPU
		{D54A374F-8D25-4FA7-A0E9-D8DBB69DC1D0}.MbwTest|Mixed Platforms.Build.0 = Release|Any CPU
		{D54A374F-8D25-4FA7-A0E9-D8DBB69DC1D0}.MbwTest|x86.ActiveCfg = Release|Any CPU
		{D54A374F-8D25-4FA7-A0E9-D8DBB69DC1D0}.QA|Any CPU.ActiveCfg = Release|Any CPU
		{D54A374F-8D25-4FA7-A0E9-D8DBB69DC1D0}.QA|Any CPU.Build.0 = Release|Any CPU
		{D54A374F-8D25-4FA7-A0E9-D8DBB69DC1D0}.QA|Mixed Platforms.ActiveCfg = Release|Any CPU
		{D54A374F-8D25-4FA7-A0E9-D8DBB69DC1D0}.QA|Mixed Platforms.Build.0 = Release|Any CPU
		{D54A374F-8D25-4FA7-A0E9-D8DBB69DC1D0}.QA|x86.ActiveCfg = Release|Any CPU
		{D54A374F-8D25-4FA7-A0E9-D8DBB69DC1D0}.Release|Any CPU.ActiveCfg = Release|Any CPU
		{D54A374F-8D25-4FA7-A0E9-D8DBB69DC1D0}.Release|Any CPU.Build.0 = Release|Any CPU
		{D54A374F-8D25-4FA7-A0E9-D8DBB69DC1D0}.Release|Mixed Platforms.ActiveCfg = Release|Any CPU
		{D54A374F-8D25-4FA7-A0E9-D8DBB69DC1D0}.Release|Mixed Platforms.Build.0 = Release|Any CPU
		{D54A374F-8D25-4FA7-A0E9-D8DBB69DC1D0}.Release|x86.ActiveCfg = Release|Any CPU
		{F45C7D9B-B68E-4135-8CDA-C934AACB7E0F}.Debug|Any CPU.ActiveCfg = Debug|Any CPU
		{F45C7D9B-B68E-4135-8CDA-C934AACB7E0F}.Debug|Any CPU.Build.0 = Debug|Any CPU
		{F45C7D9B-B68E-4135-8CDA-C934AACB7E0F}.Debug|Mixed Platforms.ActiveCfg = Debug|Any CPU
		{F45C7D9B-B68E-4135-8CDA-C934AACB7E0F}.Debug|Mixed Platforms.Build.0 = Debug|Any CPU
		{F45C7D9B-B68E-4135-8CDA-C934AACB7E0F}.Debug|x86.ActiveCfg = Debug|Any CPU
		{F45C7D9B-B68E-4135-8CDA-C934AACB7E0F}.MbwTest|Any CPU.ActiveCfg = Release|Any CPU
		{F45C7D9B-B68E-4135-8CDA-C934AACB7E0F}.MbwTest|Any CPU.Build.0 = Release|Any CPU
		{F45C7D9B-B68E-4135-8CDA-C934AACB7E0F}.MbwTest|Mixed Platforms.ActiveCfg = Release|Any CPU
		{F45C7D9B-B68E-4135-8CDA-C934AACB7E0F}.MbwTest|Mixed Platforms.Build.0 = Release|Any CPU
		{F45C7D9B-B68E-4135-8CDA-C934AACB7E0F}.MbwTest|x86.ActiveCfg = Release|Any CPU
		{F45C7D9B-B68E-4135-8CDA-C934AACB7E0F}.QA|Any CPU.ActiveCfg = Release|Any CPU
		{F45C7D9B-B68E-4135-8CDA-C934AACB7E0F}.QA|Any CPU.Build.0 = Release|Any CPU
		{F45C7D9B-B68E-4135-8CDA-C934AACB7E0F}.QA|Mixed Platforms.ActiveCfg = Release|Any CPU
		{F45C7D9B-B68E-4135-8CDA-C934AACB7E0F}.QA|Mixed Platforms.Build.0 = Release|Any CPU
		{F45C7D9B-B68E-4135-8CDA-C934AACB7E0F}.QA|x86.ActiveCfg = Release|Any CPU
		{F45C7D9B-B68E-4135-8CDA-C934AACB7E0F}.Release|Any CPU.ActiveCfg = Release|Any CPU
		{F45C7D9B-B68E-4135-8CDA-C934AACB7E0F}.Release|Any CPU.Build.0 = Release|Any CPU
		{F45C7D9B-B68E-4135-8CDA-C934AACB7E0F}.Release|Mixed Platforms.ActiveCfg = Release|Any CPU
		{F45C7D9B-B68E-4135-8CDA-C934AACB7E0F}.Release|Mixed Platforms.Build.0 = Release|Any CPU
		{F45C7D9B-B68E-4135-8CDA-C934AACB7E0F}.Release|x86.ActiveCfg = Release|Any CPU
		{81550088-9BF6-469F-9229-6881B60E3A64}.Debug|Any CPU.ActiveCfg = Debug|Any CPU
		{81550088-9BF6-469F-9229-6881B60E3A64}.Debug|Any CPU.Build.0 = Debug|Any CPU
		{81550088-9BF6-469F-9229-6881B60E3A64}.Debug|Mixed Platforms.ActiveCfg = Debug|Any CPU
		{81550088-9BF6-469F-9229-6881B60E3A64}.Debug|Mixed Platforms.Build.0 = Debug|Any CPU
		{81550088-9BF6-469F-9229-6881B60E3A64}.Debug|x86.ActiveCfg = Debug|Any CPU
		{81550088-9BF6-469F-9229-6881B60E3A64}.MbwTest|Any CPU.ActiveCfg = Release|Any CPU
		{81550088-9BF6-469F-9229-6881B60E3A64}.MbwTest|Any CPU.Build.0 = Release|Any CPU
		{81550088-9BF6-469F-9229-6881B60E3A64}.MbwTest|Mixed Platforms.ActiveCfg = Release|Any CPU
		{81550088-9BF6-469F-9229-6881B60E3A64}.MbwTest|Mixed Platforms.Build.0 = Release|Any CPU
		{81550088-9BF6-469F-9229-6881B60E3A64}.MbwTest|x86.ActiveCfg = Release|Any CPU
		{81550088-9BF6-469F-9229-6881B60E3A64}.QA|Any CPU.ActiveCfg = Release|Any CPU
		{81550088-9BF6-469F-9229-6881B60E3A64}.QA|Any CPU.Build.0 = Release|Any CPU
		{81550088-9BF6-469F-9229-6881B60E3A64}.QA|Mixed Platforms.ActiveCfg = Release|Any CPU
		{81550088-9BF6-469F-9229-6881B60E3A64}.QA|Mixed Platforms.Build.0 = Release|Any CPU
		{81550088-9BF6-469F-9229-6881B60E3A64}.QA|x86.ActiveCfg = Release|Any CPU
		{81550088-9BF6-469F-9229-6881B60E3A64}.Release|Any CPU.ActiveCfg = Release|Any CPU
		{81550088-9BF6-469F-9229-6881B60E3A64}.Release|Any CPU.Build.0 = Release|Any CPU
		{81550088-9BF6-469F-9229-6881B60E3A64}.Release|Mixed Platforms.ActiveCfg = Release|Any CPU
		{81550088-9BF6-469F-9229-6881B60E3A64}.Release|Mixed Platforms.Build.0 = Release|Any CPU
		{81550088-9BF6-469F-9229-6881B60E3A64}.Release|x86.ActiveCfg = Release|Any CPU
		{443846BD-6DF4-4421-A62D-CD66DDA04F7B}.Debug|Any CPU.ActiveCfg = Debug|Any CPU
		{443846BD-6DF4-4421-A62D-CD66DDA04F7B}.Debug|Any CPU.Build.0 = Debug|Any CPU
		{443846BD-6DF4-4421-A62D-CD66DDA04F7B}.Debug|Mixed Platforms.ActiveCfg = Debug|Any CPU
		{443846BD-6DF4-4421-A62D-CD66DDA04F7B}.Debug|Mixed Platforms.Build.0 = Debug|Any CPU
		{443846BD-6DF4-4421-A62D-CD66DDA04F7B}.Debug|x86.ActiveCfg = Debug|Any CPU
		{443846BD-6DF4-4421-A62D-CD66DDA04F7B}.MbwTest|Any CPU.ActiveCfg = Release|Any CPU
		{443846BD-6DF4-4421-A62D-CD66DDA04F7B}.MbwTest|Any CPU.Build.0 = Release|Any CPU
		{443846BD-6DF4-4421-A62D-CD66DDA04F7B}.MbwTest|Mixed Platforms.ActiveCfg = Release|Any CPU
		{443846BD-6DF4-4421-A62D-CD66DDA04F7B}.MbwTest|Mixed Platforms.Build.0 = Release|Any CPU
		{443846BD-6DF4-4421-A62D-CD66DDA04F7B}.MbwTest|x86.ActiveCfg = Release|Any CPU
		{443846BD-6DF4-4421-A62D-CD66DDA04F7B}.QA|Any CPU.ActiveCfg = Release|Any CPU
		{443846BD-6DF4-4421-A62D-CD66DDA04F7B}.QA|Any CPU.Build.0 = Release|Any CPU
		{443846BD-6DF4-4421-A62D-CD66DDA04F7B}.QA|Mixed Platforms.ActiveCfg = Release|Any CPU
		{443846BD-6DF4-4421-A62D-CD66DDA04F7B}.QA|Mixed Platforms.Build.0 = Release|Any CPU
		{443846BD-6DF4-4421-A62D-CD66DDA04F7B}.QA|x86.ActiveCfg = Release|Any CPU
		{443846BD-6DF4-4421-A62D-CD66DDA04F7B}.Release|Any CPU.ActiveCfg = Release|Any CPU
		{443846BD-6DF4-4421-A62D-CD66DDA04F7B}.Release|Any CPU.Build.0 = Release|Any CPU
		{443846BD-6DF4-4421-A62D-CD66DDA04F7B}.Release|Mixed Platforms.ActiveCfg = Release|Any CPU
		{443846BD-6DF4-4421-A62D-CD66DDA04F7B}.Release|Mixed Platforms.Build.0 = Release|Any CPU
		{443846BD-6DF4-4421-A62D-CD66DDA04F7B}.Release|x86.ActiveCfg = Release|Any CPU
		{A46B6440-ADC0-4E34-A4A7-100E54B265B2}.Debug|Any CPU.ActiveCfg = Debug|Any CPU
		{A46B6440-ADC0-4E34-A4A7-100E54B265B2}.Debug|Any CPU.Build.0 = Debug|Any CPU
		{A46B6440-ADC0-4E34-A4A7-100E54B265B2}.Debug|Mixed Platforms.ActiveCfg = Debug|Any CPU
		{A46B6440-ADC0-4E34-A4A7-100E54B265B2}.Debug|Mixed Platforms.Build.0 = Debug|Any CPU
		{A46B6440-ADC0-4E34-A4A7-100E54B265B2}.Debug|x86.ActiveCfg = Debug|Any CPU
		{A46B6440-ADC0-4E34-A4A7-100E54B265B2}.MbwTest|Any CPU.ActiveCfg = Release|Any CPU
		{A46B6440-ADC0-4E34-A4A7-100E54B265B2}.MbwTest|Any CPU.Build.0 = Release|Any CPU
		{A46B6440-ADC0-4E34-A4A7-100E54B265B2}.MbwTest|Mixed Platforms.ActiveCfg = Release|Any CPU
		{A46B6440-ADC0-4E34-A4A7-100E54B265B2}.MbwTest|Mixed Platforms.Build.0 = Release|Any CPU
		{A46B6440-ADC0-4E34-A4A7-100E54B265B2}.MbwTest|x86.ActiveCfg = Release|Any CPU
		{A46B6440-ADC0-4E34-A4A7-100E54B265B2}.QA|Any CPU.ActiveCfg = Release|Any CPU
		{A46B6440-ADC0-4E34-A4A7-100E54B265B2}.QA|Any CPU.Build.0 = Release|Any CPU
		{A46B6440-ADC0-4E34-A4A7-100E54B265B2}.QA|Mixed Platforms.ActiveCfg = Release|Any CPU
		{A46B6440-ADC0-4E34-A4A7-100E54B265B2}.QA|Mixed Platforms.Build.0 = Release|Any CPU
		{A46B6440-ADC0-4E34-A4A7-100E54B265B2}.QA|x86.ActiveCfg = Release|Any CPU
		{A46B6440-ADC0-4E34-A4A7-100E54B265B2}.Release|Any CPU.ActiveCfg = Release|Any CPU
		{A46B6440-ADC0-4E34-A4A7-100E54B265B2}.Release|Any CPU.Build.0 = Release|Any CPU
		{A46B6440-ADC0-4E34-A4A7-100E54B265B2}.Release|Mixed Platforms.ActiveCfg = Release|Any CPU
		{A46B6440-ADC0-4E34-A4A7-100E54B265B2}.Release|Mixed Platforms.Build.0 = Release|Any CPU
		{A46B6440-ADC0-4E34-A4A7-100E54B265B2}.Release|x86.ActiveCfg = Release|Any CPU
		{490DD21F-A2EA-4C01-8A13-458428499EDE}.Debug|Any CPU.ActiveCfg = Debug|Any CPU
		{490DD21F-A2EA-4C01-8A13-458428499EDE}.Debug|Any CPU.Build.0 = Debug|Any CPU
		{490DD21F-A2EA-4C01-8A13-458428499EDE}.Debug|Mixed Platforms.ActiveCfg = Debug|Any CPU
		{490DD21F-A2EA-4C01-8A13-458428499EDE}.Debug|Mixed Platforms.Build.0 = Debug|Any CPU
		{490DD21F-A2EA-4C01-8A13-458428499EDE}.Debug|x86.ActiveCfg = Debug|Any CPU
		{490DD21F-A2EA-4C01-8A13-458428499EDE}.MbwTest|Any CPU.ActiveCfg = Release|Any CPU
		{490DD21F-A2EA-4C01-8A13-458428499EDE}.MbwTest|Any CPU.Build.0 = Release|Any CPU
		{490DD21F-A2EA-4C01-8A13-458428499EDE}.MbwTest|Mixed Platforms.ActiveCfg = Release|Any CPU
		{490DD21F-A2EA-4C01-8A13-458428499EDE}.MbwTest|Mixed Platforms.Build.0 = Release|Any CPU
		{490DD21F-A2EA-4C01-8A13-458428499EDE}.MbwTest|x86.ActiveCfg = Release|Any CPU
		{490DD21F-A2EA-4C01-8A13-458428499EDE}.QA|Any CPU.ActiveCfg = Release|Any CPU
		{490DD21F-A2EA-4C01-8A13-458428499EDE}.QA|Any CPU.Build.0 = Release|Any CPU
		{490DD21F-A2EA-4C01-8A13-458428499EDE}.QA|Mixed Platforms.ActiveCfg = Release|Any CPU
		{490DD21F-A2EA-4C01-8A13-458428499EDE}.QA|Mixed Platforms.Build.0 = Release|Any CPU
		{490DD21F-A2EA-4C01-8A13-458428499EDE}.QA|x86.ActiveCfg = Release|Any CPU
		{490DD21F-A2EA-4C01-8A13-458428499EDE}.Release|Any CPU.ActiveCfg = Release|Any CPU
		{490DD21F-A2EA-4C01-8A13-458428499EDE}.Release|Any CPU.Build.0 = Release|Any CPU
		{490DD21F-A2EA-4C01-8A13-458428499EDE}.Release|Mixed Platforms.ActiveCfg = Release|Any CPU
		{490DD21F-A2EA-4C01-8A13-458428499EDE}.Release|Mixed Platforms.Build.0 = Release|Any CPU
		{490DD21F-A2EA-4C01-8A13-458428499EDE}.Release|x86.ActiveCfg = Release|Any CPU
		{21C97F37-44E8-4C3D-A106-DEA45484CA77}.Debug|Any CPU.ActiveCfg = Debug|Any CPU
		{21C97F37-44E8-4C3D-A106-DEA45484CA77}.Debug|Any CPU.Build.0 = Debug|Any CPU
		{21C97F37-44E8-4C3D-A106-DEA45484CA77}.Debug|Mixed Platforms.ActiveCfg = Debug|Any CPU
		{21C97F37-44E8-4C3D-A106-DEA45484CA77}.Debug|Mixed Platforms.Build.0 = Debug|Any CPU
		{21C97F37-44E8-4C3D-A106-DEA45484CA77}.Debug|x86.ActiveCfg = Debug|Any CPU
		{21C97F37-44E8-4C3D-A106-DEA45484CA77}.MbwTest|Any CPU.ActiveCfg = Release|Any CPU
		{21C97F37-44E8-4C3D-A106-DEA45484CA77}.MbwTest|Any CPU.Build.0 = Release|Any CPU
		{21C97F37-44E8-4C3D-A106-DEA45484CA77}.MbwTest|Mixed Platforms.ActiveCfg = Release|Any CPU
		{21C97F37-44E8-4C3D-A106-DEA45484CA77}.MbwTest|Mixed Platforms.Build.0 = Release|Any CPU
		{21C97F37-44E8-4C3D-A106-DEA45484CA77}.MbwTest|x86.ActiveCfg = Release|Any CPU
		{21C97F37-44E8-4C3D-A106-DEA45484CA77}.QA|Any CPU.ActiveCfg = Release|Any CPU
		{21C97F37-44E8-4C3D-A106-DEA45484CA77}.QA|Any CPU.Build.0 = Release|Any CPU
		{21C97F37-44E8-4C3D-A106-DEA45484CA77}.QA|Mixed Platforms.ActiveCfg = Release|Any CPU
		{21C97F37-44E8-4C3D-A106-DEA45484CA77}.QA|Mixed Platforms.Build.0 = Release|Any CPU
		{21C97F37-44E8-4C3D-A106-DEA45484CA77}.QA|x86.ActiveCfg = Release|Any CPU
		{21C97F37-44E8-4C3D-A106-DEA45484CA77}.Release|Any CPU.ActiveCfg = Release|Any CPU
		{21C97F37-44E8-4C3D-A106-DEA45484CA77}.Release|Any CPU.Build.0 = Release|Any CPU
		{21C97F37-44E8-4C3D-A106-DEA45484CA77}.Release|Mixed Platforms.ActiveCfg = Release|Any CPU
		{21C97F37-44E8-4C3D-A106-DEA45484CA77}.Release|Mixed Platforms.Build.0 = Release|Any CPU
		{21C97F37-44E8-4C3D-A106-DEA45484CA77}.Release|x86.ActiveCfg = Release|Any CPU
		{04D4EAD0-0AD7-4A67-998A-EDE597B8F877}.Debug|Any CPU.ActiveCfg = Debug|Any CPU
		{04D4EAD0-0AD7-4A67-998A-EDE597B8F877}.Debug|Any CPU.Build.0 = Debug|Any CPU
		{04D4EAD0-0AD7-4A67-998A-EDE597B8F877}.Debug|Mixed Platforms.ActiveCfg = Debug|Any CPU
		{04D4EAD0-0AD7-4A67-998A-EDE597B8F877}.Debug|Mixed Platforms.Build.0 = Debug|Any CPU
		{04D4EAD0-0AD7-4A67-998A-EDE597B8F877}.Debug|x86.ActiveCfg = Debug|Any CPU
		{04D4EAD0-0AD7-4A67-998A-EDE597B8F877}.MbwTest|Any CPU.ActiveCfg = Release|Any CPU
		{04D4EAD0-0AD7-4A67-998A-EDE597B8F877}.MbwTest|Any CPU.Build.0 = Release|Any CPU
		{04D4EAD0-0AD7-4A67-998A-EDE597B8F877}.MbwTest|Mixed Platforms.ActiveCfg = Release|Any CPU
		{04D4EAD0-0AD7-4A67-998A-EDE597B8F877}.MbwTest|Mixed Platforms.Build.0 = Release|Any CPU
		{04D4EAD0-0AD7-4A67-998A-EDE597B8F877}.MbwTest|x86.ActiveCfg = Release|Any CPU
		{04D4EAD0-0AD7-4A67-998A-EDE597B8F877}.QA|Any CPU.ActiveCfg = Release|Any CPU
		{04D4EAD0-0AD7-4A67-998A-EDE597B8F877}.QA|Any CPU.Build.0 = Release|Any CPU
		{04D4EAD0-0AD7-4A67-998A-EDE597B8F877}.QA|Mixed Platforms.ActiveCfg = Release|Any CPU
		{04D4EAD0-0AD7-4A67-998A-EDE597B8F877}.QA|Mixed Platforms.Build.0 = Release|Any CPU
		{04D4EAD0-0AD7-4A67-998A-EDE597B8F877}.QA|x86.ActiveCfg = Release|Any CPU
		{04D4EAD0-0AD7-4A67-998A-EDE597B8F877}.Release|Any CPU.ActiveCfg = Release|Any CPU
		{04D4EAD0-0AD7-4A67-998A-EDE597B8F877}.Release|Any CPU.Build.0 = Release|Any CPU
		{04D4EAD0-0AD7-4A67-998A-EDE597B8F877}.Release|Mixed Platforms.ActiveCfg = Release|Any CPU
		{04D4EAD0-0AD7-4A67-998A-EDE597B8F877}.Release|Mixed Platforms.Build.0 = Release|Any CPU
		{04D4EAD0-0AD7-4A67-998A-EDE597B8F877}.Release|x86.ActiveCfg = Release|Any CPU
		{384819FA-9EC1-4CE5-B717-FAF9E1E50259}.Debug|Any CPU.ActiveCfg = Debug|Any CPU
		{384819FA-9EC1-4CE5-B717-FAF9E1E50259}.Debug|Any CPU.Build.0 = Debug|Any CPU
		{384819FA-9EC1-4CE5-B717-FAF9E1E50259}.Debug|Mixed Platforms.ActiveCfg = Debug|Any CPU
		{384819FA-9EC1-4CE5-B717-FAF9E1E50259}.Debug|Mixed Platforms.Build.0 = Debug|Any CPU
		{384819FA-9EC1-4CE5-B717-FAF9E1E50259}.Debug|x86.ActiveCfg = Debug|Any CPU
		{384819FA-9EC1-4CE5-B717-FAF9E1E50259}.MbwTest|Any CPU.ActiveCfg = Release|Any CPU
		{384819FA-9EC1-4CE5-B717-FAF9E1E50259}.MbwTest|Any CPU.Build.0 = Release|Any CPU
		{384819FA-9EC1-4CE5-B717-FAF9E1E50259}.MbwTest|Mixed Platforms.ActiveCfg = Release|Any CPU
		{384819FA-9EC1-4CE5-B717-FAF9E1E50259}.MbwTest|Mixed Platforms.Build.0 = Release|Any CPU
		{384819FA-9EC1-4CE5-B717-FAF9E1E50259}.MbwTest|x86.ActiveCfg = Release|Any CPU
		{384819FA-9EC1-4CE5-B717-FAF9E1E50259}.QA|Any CPU.ActiveCfg = Release|Any CPU
		{384819FA-9EC1-4CE5-B717-FAF9E1E50259}.QA|Any CPU.Build.0 = Release|Any CPU
		{384819FA-9EC1-4CE5-B717-FAF9E1E50259}.QA|Mixed Platforms.ActiveCfg = Release|Any CPU
		{384819FA-9EC1-4CE5-B717-FAF9E1E50259}.QA|Mixed Platforms.Build.0 = Release|Any CPU
		{384819FA-9EC1-4CE5-B717-FAF9E1E50259}.QA|x86.ActiveCfg = Release|Any CPU
		{384819FA-9EC1-4CE5-B717-FAF9E1E50259}.Release|Any CPU.ActiveCfg = Release|Any CPU
		{384819FA-9EC1-4CE5-B717-FAF9E1E50259}.Release|Any CPU.Build.0 = Release|Any CPU
		{384819FA-9EC1-4CE5-B717-FAF9E1E50259}.Release|Mixed Platforms.ActiveCfg = Release|Any CPU
		{384819FA-9EC1-4CE5-B717-FAF9E1E50259}.Release|Mixed Platforms.Build.0 = Release|Any CPU
		{384819FA-9EC1-4CE5-B717-FAF9E1E50259}.Release|x86.ActiveCfg = Release|Any CPU
		{0E3CFBA9-09DC-4715-9AB8-63E64E56C63F}.Debug|Any CPU.ActiveCfg = Debug|Any CPU
		{0E3CFBA9-09DC-4715-9AB8-63E64E56C63F}.Debug|Any CPU.Build.0 = Debug|Any CPU
		{0E3CFBA9-09DC-4715-9AB8-63E64E56C63F}.Debug|Mixed Platforms.ActiveCfg = Debug|Any CPU
		{0E3CFBA9-09DC-4715-9AB8-63E64E56C63F}.Debug|Mixed Platforms.Build.0 = Debug|Any CPU
		{0E3CFBA9-09DC-4715-9AB8-63E64E56C63F}.Debug|x86.ActiveCfg = Debug|Any CPU
		{0E3CFBA9-09DC-4715-9AB8-63E64E56C63F}.MbwTest|Any CPU.ActiveCfg = Release|Any CPU
		{0E3CFBA9-09DC-4715-9AB8-63E64E56C63F}.MbwTest|Any CPU.Build.0 = Release|Any CPU
		{0E3CFBA9-09DC-4715-9AB8-63E64E56C63F}.MbwTest|Mixed Platforms.ActiveCfg = Release|Any CPU
		{0E3CFBA9-09DC-4715-9AB8-63E64E56C63F}.MbwTest|Mixed Platforms.Build.0 = Release|Any CPU
		{0E3CFBA9-09DC-4715-9AB8-63E64E56C63F}.MbwTest|x86.ActiveCfg = Release|Any CPU
		{0E3CFBA9-09DC-4715-9AB8-63E64E56C63F}.QA|Any CPU.ActiveCfg = Release|Any CPU
		{0E3CFBA9-09DC-4715-9AB8-63E64E56C63F}.QA|Any CPU.Build.0 = Release|Any CPU
		{0E3CFBA9-09DC-4715-9AB8-63E64E56C63F}.QA|Mixed Platforms.ActiveCfg = Release|Any CPU
		{0E3CFBA9-09DC-4715-9AB8-63E64E56C63F}.QA|Mixed Platforms.Build.0 = Release|Any CPU
		{0E3CFBA9-09DC-4715-9AB8-63E64E56C63F}.QA|x86.ActiveCfg = Release|Any CPU
		{0E3CFBA9-09DC-4715-9AB8-63E64E56C63F}.Release|Any CPU.ActiveCfg = Release|Any CPU
		{0E3CFBA9-09DC-4715-9AB8-63E64E56C63F}.Release|Any CPU.Build.0 = Release|Any CPU
		{0E3CFBA9-09DC-4715-9AB8-63E64E56C63F}.Release|Mixed Platforms.ActiveCfg = Release|Any CPU
		{0E3CFBA9-09DC-4715-9AB8-63E64E56C63F}.Release|Mixed Platforms.Build.0 = Release|Any CPU
		{0E3CFBA9-09DC-4715-9AB8-63E64E56C63F}.Release|x86.ActiveCfg = Release|Any CPU
		{50E9378B-3898-4AD9-9063-1F557C0EBAD8}.Debug|Any CPU.ActiveCfg = Debug|Any CPU
		{50E9378B-3898-4AD9-9063-1F557C0EBAD8}.Debug|Any CPU.Build.0 = Debug|Any CPU
		{50E9378B-3898-4AD9-9063-1F557C0EBAD8}.Debug|Mixed Platforms.ActiveCfg = Debug|Any CPU
		{50E9378B-3898-4AD9-9063-1F557C0EBAD8}.Debug|Mixed Platforms.Build.0 = Debug|Any CPU
		{50E9378B-3898-4AD9-9063-1F557C0EBAD8}.Debug|x86.ActiveCfg = Debug|Any CPU
		{50E9378B-3898-4AD9-9063-1F557C0EBAD8}.MbwTest|Any CPU.ActiveCfg = Release|Any CPU
		{50E9378B-3898-4AD9-9063-1F557C0EBAD8}.MbwTest|Any CPU.Build.0 = Release|Any CPU
		{50E9378B-3898-4AD9-9063-1F557C0EBAD8}.MbwTest|Mixed Platforms.ActiveCfg = Release|Any CPU
		{50E9378B-3898-4AD9-9063-1F557C0EBAD8}.MbwTest|Mixed Platforms.Build.0 = Release|Any CPU
		{50E9378B-3898-4AD9-9063-1F557C0EBAD8}.MbwTest|x86.ActiveCfg = Release|Any CPU
		{50E9378B-3898-4AD9-9063-1F557C0EBAD8}.QA|Any CPU.ActiveCfg = Release|Any CPU
		{50E9378B-3898-4AD9-9063-1F557C0EBAD8}.QA|Any CPU.Build.0 = Release|Any CPU
		{50E9378B-3898-4AD9-9063-1F557C0EBAD8}.QA|Mixed Platforms.ActiveCfg = Release|Any CPU
		{50E9378B-3898-4AD9-9063-1F557C0EBAD8}.QA|Mixed Platforms.Build.0 = Release|Any CPU
		{50E9378B-3898-4AD9-9063-1F557C0EBAD8}.QA|x86.ActiveCfg = Release|Any CPU
		{50E9378B-3898-4AD9-9063-1F557C0EBAD8}.Release|Any CPU.ActiveCfg = Release|Any CPU
		{50E9378B-3898-4AD9-9063-1F557C0EBAD8}.Release|Any CPU.Build.0 = Release|Any CPU
		{50E9378B-3898-4AD9-9063-1F557C0EBAD8}.Release|Mixed Platforms.ActiveCfg = Release|Any CPU
		{50E9378B-3898-4AD9-9063-1F557C0EBAD8}.Release|Mixed Platforms.Build.0 = Release|Any CPU
		{50E9378B-3898-4AD9-9063-1F557C0EBAD8}.Release|x86.ActiveCfg = Release|Any CPU
	EndGlobalSection
	GlobalSection(SolutionProperties) = preSolution
		HideSolutionNode = FALSE
	EndGlobalSection
EndGlobal
